
Microsoft Visual Studio Solution File, Format Version 12.00
# Visual Studio Version 16
VisualStudioVersion = 16.0.30204.135
MinimumVisualStudioVersion = 10.0.40219.1
Project("{9A19103F-16F7-4668-BE54-9A1E7A4F7556}") = "CheckOutDemoApp", "CheckOutDemoApp\CheckOutDemoApp.csproj", "{2147FFA2-545F-41E9-845B-C46637E9C49E}"
EndProject
Global
	GlobalSection(SolutionConfigurationPlatforms) = preSolution
		Debug|Any CPU = Debug|Any CPU
		Release|Any CPU = Release|Any CPU
	EndGlobalSection
	GlobalSection(ProjectConfigurationPlatforms) = postSolution
		{2147FFA2-545F-41E9-845B-C46637E9C49E}.Debug|Any CPU.ActiveCfg = Debug|Any CPU
		{2147FFA2-545F-41E9-845B-C46637E9C49E}.Debug|Any CPU.Build.0 = Debug|Any CPU
		{2147FFA2-545F-41E9-845B-C46637E9C49E}.Release|Any CPU.ActiveCfg = Release|Any CPU
		{2147FFA2-545F-41E9-845B-C46637E9C49E}.Release|Any CPU.Build.0 = Release|Any CPU
	EndGlobalSection
	GlobalSection(SolutionProperties) = preSolution
		HideSolutionNode = FALSE
	EndGlobalSection
	GlobalSection(ExtensibilityGlobals) = postSolution
		SolutionGuid = {E8B91A2A-D72F-4987-BDC6-6C3E227C5A4C}
	EndGlobalSection
EndGlobal
